// !$*UTF8*$!
{
	archiveVersion = 1;
	classes = {
	};
	objectVersion = 46;
	objects = {

/* Begin PBXBuildFile section */
		F0C79F111D77C90D0015FF83 /* main.m in Sources */ = {isa = PBXBuildFile; fileRef = F0C79F101D77C90D0015FF83 /* main.m */; };
		F0C79F141D77C90D0015FF83 /* AppDelegate.m in Sources */ = {isa = PBXBuildFile; fileRef = F0C79F131D77C90D0015FF83 /* AppDelegate.m */; };
		F0C79F171D77C90D0015FF83 /* ViewController.m in Sources */ = {isa = PBXBuildFile; fileRef = F0C79F161D77C90D0015FF83 /* ViewController.m */; };
		F0C79F1A1D77C90D0015FF83 /* Main.storyboard in Resources */ = {isa = PBXBuildFile; fileRef = F0C79F181D77C90D0015FF83 /* Main.storyboard */; };
		F0C79F1D1D77C90D0015FF83 /* git.xcdatamodeld in Sources */ = {isa = PBXBuildFile; fileRef = F0C79F1B1D77C90D0015FF83 /* git.xcdatamodeld */; };
		F0C79F1F1D77C90D0015FF83 /* Assets.xcassets in Resources */ = {isa = PBXBuildFile; fileRef = F0C79F1E1D77C90D0015FF83 /* Assets.xcassets */; };
		F0C79F221D77C90D0015FF83 /* LaunchScreen.storyboard in Resources */ = {isa = PBXBuildFile; fileRef = F0C79F201D77C90D0015FF83 /* LaunchScreen.storyboard */; };
		F0C79F2D1D77C90E0015FF83 /* gitTests.m in Sources */ = {isa = PBXBuildFile; fileRef = F0C79F2C1D77C90E0015FF83 /* gitTests.m */; };
		F0C79F381D77C90E0015FF83 /* gitUITests.m in Sources */ = {isa = PBXBuildFile; fileRef = F0C79F371D77C90E0015FF83 /* gitUITests.m */; };
/* End PBXBuildFile section */

/* Begin PBXContainerItemProxy section */
		F0C79F291D77C90E0015FF83 /* PBXContainerItemProxy */ = {
			isa = PBXContainerItemProxy;
			containerPortal = F0C79F041D77C90D0015FF83 /* Project object */;
			proxyType = 1;
			remoteGlobalIDString = F0C79F0B1D77C90D0015FF83;
			remoteInfo = git;
		};
		F0C79F341D77C90E0015FF83 /* PBXContainerItemProxy */ = {
			isa = PBXContainerItemProxy;
			containerPortal = F0C79F041D77C90D0015FF83 /* Project object */;
			proxyType = 1;
			remoteGlobalIDString = F0C79F0B1D77C90D0015FF83;
			remoteInfo = git;
		};
/* End PBXContainerItemProxy section */

/* Begin PBXFileReference section */
		F0C79F0C1D77C90D0015FF83 /* git.app */ = {isa = PBXFileReference; explicitFileType = wrapper.application; includeInIndex = 0; path = git.app; sourceTree = BUILT_PRODUCTS_DIR; };
		F0C79F101D77C90D0015FF83 /* main.m */ = {isa = PBXFileReference; lastKnownFileType = sourcecode.c.objc; path = main.m; sourceTree = "<group>"; };
		F0C79F121D77C90D0015FF83 /* AppDelegate.h */ = {isa = PBXFileReference; lastKnownFileType = sourcecode.c.h; path = AppDelegate.h; sourceTree = "<group>"; };
		F0C79F131D77C90D0015FF83 /* AppDelegate.m */ = {isa = PBXFileReference; lastKnownFileType = sourcecode.c.objc; path = AppDelegate.m; sourceTree = "<group>"; };
		F0C79F151D77C90D0015FF83 /* ViewController.h */ = {isa = PBXFileReference; lastKnownFileType = sourcecode.c.h; path = ViewController.h; sourceTree = "<group>"; };
		F0C79F161D77C90D0015FF83 /* ViewController.m */ = {isa = PBXFileReference; lastKnownFileType = sourcecode.c.objc; path = ViewController.m; sourceTree = "<group>"; };
		F0C79F191D77C90D0015FF83 /* Base */ = {isa = PBXFileReference; lastKnownFileType = file.storyboard; name = Base; path = Base.lproj/Main.storyboard; sourceTree = "<group>"; };
		F0C79F1C1D77C90D0015FF83 /* git.xcdatamodel */ = {isa = PBXFileReference; lastKnownFileType = wrapper.xcdatamodel; path = git.xcdatamodel; sourceTree = "<group>"; };
		F0C79F1E1D77C90D0015FF83 /* Assets.xcassets */ = {isa = PBXFileReference; lastKnownFileType = folder.assetcatalog; path = Assets.xcassets; sourceTree = "<group>"; };
		F0C79F211D77C90D0015FF83 /* Base */ = {isa = PBXFileReference; lastKnownFileType = file.storyboard; name = Base; path = Base.lproj/LaunchScreen.storyboard; sourceTree = "<group>"; };
		F0C79F231D77C90D0015FF83 /* Info.plist */ = {isa = PBXFileReference; lastKnownFileType = text.plist.xml; path = Info.plist; sourceTree = "<group>"; };
		F0C79F281D77C90E0015FF83 /* gitTests.xctest */ = {isa = PBXFileReference; explicitFileType = wrapper.cfbundle; includeInIndex = 0; path = gitTests.xctest; sourceTree = BUILT_PRODUCTS_DIR; };
		F0C79F2C1D77C90E0015FF83 /* gitTests.m */ = {isa = PBXFileReference; lastKnownFileType = sourcecode.c.objc; path = gitTests.m; sourceTree = "<group>"; };
		F0C79F2E1D77C90E0015FF83 /* Info.plist */ = {isa = PBXFileReference; lastKnownFileType = text.plist.xml; path = Info.plist; sourceTree = "<group>"; };
		F0C79F331D77C90E0015FF83 /* gitUITests.xctest */ = {isa = PBXFileReference; explicitFileType = wrapper.cfbundle; includeInIndex = 0; path = gitUITests.xctest; sourceTree = BUILT_PRODUCTS_DIR; };
		F0C79F371D77C90E0015FF83 /* gitUITests.m */ = {isa = PBXFileReference; lastKnownFileType = sourcecode.c.objc; path = gitUITests.m; sourceTree = "<group>"; };
		F0C79F391D77C90E0015FF83 /* Info.plist */ = {isa = PBXFileReference; lastKnownFileType = text.plist.xml; path = Info.plist; sourceTree = "<group>"; };
/* End PBXFileReference section */

/* Begin PBXFrameworksBuildPhase section */
		F0C79F091D77C90D0015FF83 /* Frameworks */ = {
			isa = PBXFrameworksBuildPhase;
			buildActionMask = 2147483647;
			files = (
			);
			runOnlyForDeploymentPostprocessing = 0;
		};
		F0C79F251D77C90E0015FF83 /* Frameworks */ = {
			isa = PBXFrameworksBuildPhase;
			buildActionMask = 2147483647;
			files = (
			);
			runOnlyForDeploymentPostprocessing = 0;
		};
		F0C79F301D77C90E0015FF83 /* Frameworks */ = {
			isa = PBXFrameworksBuildPhase;
			buildActionMask = 2147483647;
			files = (
			);
			runOnlyForDeploymentPostprocessing = 0;
		};
/* End PBXFrameworksBuildPhase section */

/* Begin PBXGroup section */
		F0C79F031D77C90D0015FF83 = {
			isa = PBXGroup;
			children = (
				F0C79F0E1D77C90D0015FF83 /* git */,
				F0C79F2B1D77C90E0015FF83 /* gitTests */,
				F0C79F361D77C90E0015FF83 /* gitUITests */,
				F0C79F0D1D77C90D0015FF83 /* Products */,
			);
			sourceTree = "<group>";
		};
		F0C79F0D1D77C90D0015FF83 /* Products */ = {
			isa = PBXGroup;
			children = (
				F0C79F0C1D77C90D0015FF83 /* git.app */,
				F0C79F281D77C90E0015FF83 /* gitTests.xctest */,
				F0C79F331D77C90E0015FF83 /* gitUITests.xctest */,
			);
			name = Products;
			sourceTree = "<group>";
		};
		F0C79F0E1D77C90D0015FF83 /* git */ = {
			isa = PBXGroup;
			children = (
				F0C79F121D77C90D0015FF83 /* AppDelegate.h */,
				F0C79F131D77C90D0015FF83 /* AppDelegate.m */,
				F0C79F151D77C90D0015FF83 /* ViewController.h */,
				F0C79F161D77C90D0015FF83 /* ViewController.m */,
				F0C79F181D77C90D0015FF83 /* Main.storyboard */,
				F0C79F1E1D77C90D0015FF83 /* Assets.xcassets */,
				F0C79F201D77C90D0015FF83 /* LaunchScreen.storyboard */,
				F0C79F231D77C90D0015FF83 /* Info.plist */,
				F0C79F1B1D77C90D0015FF83 /* git.xcdatamodeld */,
				F0C79F0F1D77C90D0015FF83 /* Supporting Files */,
			);
			path = git;
			sourceTree = "<group>";
		};
		F0C79F0F1D77C90D0015FF83 /* Supporting Files */ = {
			isa = PBXGroup;
			children = (
				F0C79F101D77C90D0015FF83 /* main.m */,
			);
			name = "Supporting Files";
			sourceTree = "<group>";
		};
		F0C79F2B1D77C90E0015FF83 /* gitTests */ = {
			isa = PBXGroup;
			children = (
				F0C79F2C1D77C90E0015FF83 /* gitTests.m */,
				F0C79F2E1D77C90E0015FF83 /* Info.plist */,
			);
			path = gitTests;
			sourceTree = "<group>";
		};
		F0C79F361D77C90E0015FF83 /* gitUITests */ = {
			isa = PBXGroup;
			children = (
				F0C79F371D77C90E0015FF83 /* gitUITests.m */,
				F0C79F391D77C90E0015FF83 /* Info.plist */,
			);
			path = gitUITests;
			sourceTree = "<group>";
		};
/* End PBXGroup section */

/* Begin PBXNativeTarget section */
		F0C79F0B1D77C90D0015FF83 /* git */ = {
			isa = PBXNativeTarget;
			buildConfigurationList = F0C79F3C1D77C90E0015FF83 /* Build configuration list for PBXNativeTarget "git" */;
			buildPhases = (
				F0C79F081D77C90D0015FF83 /* Sources */,
				F0C79F091D77C90D0015FF83 /* Frameworks */,
				F0C79F0A1D77C90D0015FF83 /* Resources */,
			);
			buildRules = (
			);
			dependencies = (
			);
			name = git;
			productName = git;
			productReference = F0C79F0C1D77C90D0015FF83 /* git.app */;
			productType = "com.apple.product-type.application";
		};
		F0C79F271D77C90E0015FF83 /* gitTests */ = {
			isa = PBXNativeTarget;
			buildConfigurationList = F0C79F3F1D77C90E0015FF83 /* Build configuration list for PBXNativeTarget "gitTests" */;
			buildPhases = (
				F0C79F241D77C90E0015FF83 /* Sources */,
				F0C79F251D77C90E0015FF83 /* Frameworks */,
				F0C79F261D77C90E0015FF83 /* Resources */,
			);
			buildRules = (
			);
			dependencies = (
				F0C79F2A1D77C90E0015FF83 /* PBXTargetDependency */,
			);
			name = gitTests;
			productName = gitTests;
			productReference = F0C79F281D77C90E0015FF83 /* gitTests.xctest */;
			productType = "com.apple.product-type.bundle.unit-test";
		};
		F0C79F321D77C90E0015FF83 /* gitUITests */ = {
			isa = PBXNativeTarget;
			buildConfigurationList = F0C79F421D77C90E0015FF83 /* Build configuration list for PBXNativeTarget "gitUITests" */;
			buildPhases = (
				F0C79F2F1D77C90E0015FF83 /* Sources */,
				F0C79F301D77C90E0015FF83 /* Frameworks */,
				F0C79F311D77C90E0015FF83 /* Resources */,
			);
			buildRules = (
			);
			dependencies = (
				F0C79F351D77C90E0015FF83 /* PBXTargetDependency */,
			);
			name = gitUITests;
			productName = gitUITests;
			productReference = F0C79F331D77C90E0015FF83 /* gitUITests.xctest */;
			productType = "com.apple.product-type.bundle.ui-testing";
		};
/* End PBXNativeTarget section */

/* Begin PBXProject section */
		F0C79F041D77C90D0015FF83 /* Project object */ = {
			isa = PBXProject;
			attributes = {
				LastUpgradeCheck = 0730;
				ORGANIZATIONNAME = "Big Nerd Ranch";
				TargetAttributes = {
					F0C79F0B1D77C90D0015FF83 = {
						CreatedOnToolsVersion = 7.3.1;
					};
					F0C79F271D77C90E0015FF83 = {
						CreatedOnToolsVersion = 7.3.1;
						TestTargetID = F0C79F0B1D77C90D0015FF83;
					};
					F0C79F321D77C90E0015FF83 = {
						CreatedOnToolsVersion = 7.3.1;
						TestTargetID = F0C79F0B1D77C90D0015FF83;
					};
				};
			};
			buildConfigurationList = F0C79F071D77C90D0015FF83 /* Build configuration list for PBXProject "git" */;
			compatibilityVersion = "Xcode 3.2";
			developmentRegion = English;
			hasScannedForEncodings = 0;
			knownRegions = (
				en,
				Base,
			);
			mainGroup = F0C79F031D77C90D0015FF83;
			productRefGroup = F0C79F0D1D77C90D0015FF83 /* Products */;
			projectDirPath = "";
			projectRoot = "";
			targets = (
				F0C79F0B1D77C90D0015FF83 /* git */,
				F0C79F271D77C90E0015FF83 /* gitTests */,
				F0C79F321D77C90E0015FF83 /* gitUITests */,
			);
		};
/* End PBXProject section */

/* Begin PBXResourcesBuildPhase section */
		F0C79F0A1D77C90D0015FF83 /* Resources */ = {
			isa = PBXResourcesBuildPhase;
			buildActionMask = 2147483647;
			files = (
				F0C79F221D77C90D0015FF83 /* LaunchScreen.storyboard in Resources */,
				F0C79F1F1D77C90D0015FF83 /* Assets.xcassets in Resources */,
				F0C79F1A1D77C90D0015FF83 /* Main.storyboard in Resources */,
			);
			runOnlyForDeploymentPostprocessing = 0;
		};
		F0C79F261D77C90E0015FF83 /* Resources */ = {
			isa = PBXResourcesBuildPhase;
			buildActionMask = 2147483647;
			files = (
			);
			runOnlyForDeploymentPostprocessing = 0;
		};
		F0C79F311D77C90E0015FF83 /* Resources */ = {
			isa = PBXResourcesBuildPhase;
			buildActionMask = 2147483647;
			files = (
			);
			runOnlyForDeploymentPostprocessing = 0;
		};
/* End PBXResourcesBuildPhase section */

/* Begin PBXSourcesBuildPhase section */
		F0C79F081D77C90D0015FF83 /* Sources */ = {
			isa = PBXSourcesBuildPhase;
			buildActionMask = 2147483647;
			files = (
				F0C79F1D1D77C90D0015FF83 /* git.xcdatamodeld in Sources */,
				F0C79F171D77C90D0015FF83 /* ViewController.m in Sources */,
				F0C79F141D77C90D0015FF83 /* AppDelegate.m in Sources */,
				F0C79F111D77C90D0015FF83 /* main.m in Sources */,
			);
			runOnlyForDeploymentPostprocessing = 0;
		};
		F0C79F241D77C90E0015FF83 /* Sources */ = {
			isa = PBXSourcesBuildPhase;
			buildActionMask = 2147483647;
			files = (
				F0C79F2D1D77C90E0015FF83 /* gitTests.m in Sources */,
			);
			runOnlyForDeploymentPostprocessing = 0;
		};
		F0C79F2F1D77C90E0015FF83 /* Sources */ = {
			isa = PBXSourcesBuildPhase;
			buildActionMask = 2147483647;
			files = (
				F0C79F381D77C90E0015FF83 /* gitUITests.m in Sources */,
			);
			runOnlyForDeploymentPostprocessing = 0;
		};
/* End PBXSourcesBuildPhase section */

/* Begin PBXTargetDependency section */
		F0C79F2A1D77C90E0015FF83 /* PBXTargetDependency */ = {
			isa = PBXTargetDependency;
			target = F0C79F0B1D77C90D0015FF83 /* git */;
			targetProxy = F0C79F291D77C90E0015FF83 /* PBXContainerItemProxy */;
		};
		F0C79F351D77C90E0015FF83 /* PBXTargetDependency */ = {
			isa = PBXTargetDependency;
			target = F0C79F0B1D77C90D0015FF83 /* git */;
			targetProxy = F0C79F341D77C90E0015FF83 /* PBXContainerItemProxy */;
		};
/* End PBXTargetDependency section */

/* Begin PBXVariantGroup section */
		F0C79F181D77C90D0015FF83 /* Main.storyboard */ = {
			isa = PBXVariantGroup;
			children = (
				F0C79F191D77C90D0015FF83 /* Base */,
			);
			name = Main.storyboard;
			sourceTree = "<group>";
		};
		F0C79F201D77C90D0015FF83 /* LaunchScreen.storyboard */ = {
			isa = PBXVariantGroup;
			children = (
				F0C79F211D77C90D0015FF83 /* Base */,
			);
			name = LaunchScreen.storyboard;
			sourceTree = "<group>";
		};
/* End PBXVariantGroup section */

/* Begin XCBuildConfiguration section */
		F0C79F3A1D77C90E0015FF83 /* Debug */ = {
			isa = XCBuildConfiguration;
			buildSettings = {
				ALWAYS_SEARCH_USER_PATHS = NO;
				CLANG_ANALYZER_NONNULL = YES;
				CLANG_CXX_LANGUAGE_STANDARD = "gnu++0x";
				CLANG_CXX_LIBRARY = "libc++";
				CLANG_ENABLE_MODULES = YES;
				CLANG_ENABLE_OBJC_ARC = YES;
				CLANG_WARN_BOOL_CONVERSION = YES;
				CLANG_WARN_CONSTANT_CONVERSION = YES;
				CLANG_WARN_DIRECT_OBJC_ISA_USAGE = YES_ERROR;
				CLANG_WARN_EMPTY_BODY = YES;
				CLANG_WARN_ENUM_CONVERSION = YES;
				CLANG_WARN_INT_CONVERSION = YES;
				CLANG_WARN_OBJC_ROOT_CLASS = YES_ERROR;
				CLANG_WARN_UNREACHABLE_CODE = YES;
				CLANG_WARN__DUPLICATE_METHOD_MATCH = YES;
				"CODE_SIGN_IDENTITY[sdk=iphoneos*]" = "iPhone Developer";
				COPY_PHASE_STRIP = NO;
				DEBUG_INFORMATION_FORMAT = dwarf;
				ENABLE_STRICT_OBJC_MSGSEND = YES;
				ENABLE_TESTABILITY = YES;
				GCC_C_LANGUAGE_STANDARD = gnu99;
				GCC_DYNAMIC_NO_PIC = NO;
				GCC_NO_COMMON_BLOCKS = YES;
				GCC_OPTIMIZATION_LEVEL = 0;
				GCC_PREPROCESSOR_DEFINITIONS = (
					"DEBUG=1",
					"$(inherited)",
				);
				GCC_WARN_64_TO_32_BIT_CONVERSION = YES;
				GCC_WARN_ABOUT_RETURN_TYPE = YES_ERROR;
				GCC_WARN_UNDECLARED_SELECTOR = YES;
				GCC_WARN_UNINITIALIZED_AUTOS = YES_AGGRESSIVE;
				GCC_WARN_UNUSED_FUNCTION = YES;
				GCC_WARN_UNUSED_VARIABLE = YES;
				IPHONEOS_DEPLOYMENT_TARGET = 9.3;
				MTL_ENABLE_DEBUG_INFO = YES;
				ONLY_ACTIVE_ARCH = YES;
				SDKROOT = iphoneos;
			};
			name = Debug;
		};
		F0C79F3B1D77C90E0015FF83 /* Release */ = {
			isa = XCBuildConfiguration;
			buildSettings = {
				ALWAYS_SEARCH_USER_PATHS = NO;
				CLANG_ANALYZER_NONNULL = YES;
				CLANG_CXX_LANGUAGE_STANDARD = "gnu++0x";
				CLANG_CXX_LIBRARY = "libc++";
				CLANG_ENABLE_MODULES = YES;
				CLANG_ENABLE_OBJC_ARC = YES;
				CLANG_WARN_BOOL_CONVERSION = YES;
				CLANG_WARN_CONSTANT_CONVERSION = YES;
				CLANG_WARN_DIRECT_OBJC_ISA_USAGE = YES_ERROR;
				CLANG_WARN_EMPTY_BODY = YES;
				CLANG_WARN_ENUM_CONVERSION = YES;
				CLANG_WARN_INT_CONVERSION = YES;
				CLANG_WARN_OBJC_ROOT_CLASS = YES_ERROR;
				CLANG_WARN_UNREACHABLE_CODE = YES;
				CLANG_WARN__DUPLICATE_METHOD_MATCH = YES;
				"CODE_SIGN_IDENTITY[sdk=iphoneos*]" = "iPhone Developer";
				COPY_PHASE_STRIP = NO;
				DEBUG_INFORMATION_FORMAT = "dwarf-with-dsym";
				ENABLE_NS_ASSERTIONS = NO;
				ENABLE_STRICT_OBJC_MSGSEND = YES;
				GCC_C_LANGUAGE_STANDARD = gnu99;
				GCC_NO_COMMON_BLOCKS = YES;
				GCC_WARN_64_TO_32_BIT_CONVERSION = YES;
				GCC_WARN_ABOUT_RETURN_TYPE = YES_ERROR;
				GCC_WARN_UNDECLARED_SELECTOR = YES;
				GCC_WARN_UNINITIALIZED_AUTOS = YES_AGGRESSIVE;
				GCC_WARN_UNUSED_FUNCTION = YES;
				GCC_WARN_UNUSED_VARIABLE = YES;
				IPHONEOS_DEPLOYMENT_TARGET = 9.3;
				MTL_ENABLE_DEBUG_INFO = NO;
				SDKROOT = iphoneos;
				VALIDATE_PRODUCT = YES;
			};
			name = Release;
		};
		F0C79F3D1D77C90E0015FF83 /* Debug */ = {
			isa = XCBuildConfiguration;
			buildSettings = {
				ASSETCATALOG_COMPILER_APPICON_NAME = AppIcon;
				INFOPLIST_FILE = git/Info.plist;
				LD_RUNPATH_SEARCH_PATHS = "$(inherited) @executable_path/Frameworks";
				PRODUCT_BUNDLE_IDENTIFIER = com.bignerdranch.git;
				PRODUCT_NAME = "$(TARGET_NAME)";
			};
			name = Debug;
		};
		F0C79F3E1D77C90E0015FF83 /* Release */ = {
			isa = XCBuildConfiguration;
			buildSettings = {
				ASSETCATALOG_COMPILER_APPICON_NAME = AppIcon;
				INFOPLIST_FILE = git/Info.plist;
				LD_RUNPATH_SEARCH_PATHS = "$(inherited) @executable_path/Frameworks";
				PRODUCT_BUNDLE_IDENTIFIER = com.bignerdranch.git;
				PRODUCT_NAME = "$(TARGET_NAME)";
			};
			name = Release;
		};
		F0C79F401D77C90E0015FF83 /* Debug */ = {
			isa = XCBuildConfiguration;
			buildSettings = {
				BUNDLE_LOADER = "$(TEST_HOST)";
				INFOPLIST_FILE = gitTests/Info.plist;
				LD_RUNPATH_SEARCH_PATHS = "$(inherited) @executable_path/Frameworks @loader_path/Frameworks";
				PRODUCT_BUNDLE_IDENTIFIER = com.bignerdranch.gitTests;
				PRODUCT_NAME = "$(TARGET_NAME)";
				TEST_HOST = "$(BUILT_PRODUCTS_DIR)/git.app/git";
			};
			name = Debug;
		};
		F0C79F411D77C90E0015FF83 /* Release */ = {
			isa = XCBuildConfiguration;
			buildSettings = {
				BUNDLE_LOADER = "$(TEST_HOST)";
				INFOPLIST_FILE = gitTests/Info.plist;
				LD_RUNPATH_SEARCH_PATHS = "$(inherited) @executable_path/Frameworks @loader_path/Frameworks";
				PRODUCT_BUNDLE_IDENTIFIER = com.bignerdranch.gitTests;
				PRODUCT_NAME = "$(TARGET_NAME)";
				TEST_HOST = "$(BUILT_PRODUCTS_DIR)/git.app/git";
			};
			name = Release;
		};
		F0C79F431D77C90E0015FF83 /* Debug */ = {
			isa = XCBuildConfiguration;
			buildSettings = {
				INFOPLIST_FILE = gitUITests/Info.plist;
				LD_RUNPATH_SEARCH_PATHS = "$(inherited) @executable_path/Frameworks @loader_path/Frameworks";
				PRODUCT_BUNDLE_IDENTIFIER = com.bignerdranch.gitUITests;
				PRODUCT_NAME = "$(TARGET_NAME)";
				TEST_TARGET_NAME = git;
			};
			name = Debug;
		};
		F0C79F441D77C90E0015FF83 /* Release */ = {
			isa = XCBuildConfiguration;
			buildSettings = {
				INFOPLIST_FILE = gitUITests/Info.plist;
				LD_RUNPATH_SEARCH_PATHS = "$(inherited) @executable_path/Frameworks @loader_path/Frameworks";
				PRODUCT_BUNDLE_IDENTIFIER = com.bignerdranch.gitUITests;
				PRODUCT_NAME = "$(TARGET_NAME)";
				TEST_TARGET_NAME = git;
			};
			name = Release;
		};
/* End XCBuildConfiguration section */

/* Begin XCConfigurationList section */
		F0C79F071D77C90D0015FF83 /* Build configuration list for PBXProject "git" */ = {
			isa = XCConfigurationList;
			buildConfigurations = (
				F0C79F3A1D77C90E0015FF83 /* Debug */,
				F0C79F3B1D77C90E0015FF83 /* Release */,
			);
			defaultConfigurationIsVisible = 0;
			defaultConfigurationName = Release;
		};
		F0C79F3C1D77C90E0015FF83 /* Build configuration list for PBXNativeTarget "git" */ = {
			isa = XCConfigurationList;
			buildConfigurations = (
				F0C79F3D1D77C90E0015FF83 /* Debug */,
				F0C79F3E1D77C90E0015FF83 /* Release */,
			);
			defaultConfigurationIsVisible = 0;
		};
		F0C79F3F1D77C90E0015FF83 /* Build configuration list for PBXNativeTarget "gitTests" */ = {
			isa = XCConfigurationList;
			buildConfigurations = (
				F0C79F401D77C90E0015FF83 /* Debug */,
				F0C79F411D77C90E0015FF83 /* Release */,
			);
			defaultConfigurationIsVisible = 0;
		};
		F0C79F421D77C90E0015FF83 /* Build configuration list for PBXNativeTarget "gitUITests" */ = {
			isa = XCConfigurationList;
			buildConfigurations = (
				F0C79F431D77C90E0015FF83 /* Debug */,
				F0C79F441D77C90E0015FF83 /* Release */,
			);
			defaultConfigurationIsVisible = 0;
		};
/* End XCConfigurationList section */

/* Begin XCVersionGroup section */
		F0C79F1B1D77C90D0015FF83 /* git.xcdatamodeld */ = {
			isa = XCVersionGroup;
			children = (
				F0C79F1C1D77C90D0015FF83 /* git.xcdatamodel */,
			);
			currentVersion = F0C79F1C1D77C90D0015FF83 /* git.xcdatamodel */;
			path = git.xcdatamodeld;
			sourceTree = "<group>";
			versionGroupType = wrapper.xcdatamodel;
		};
/* End XCVersionGroup section */
	};
	rootObject = F0C79F041D77C90D0015FF83 /* Project object */;
}
